
Microsoft Visual Studio Solution File, Format Version 12.00
# Visual Studio 15
VisualStudioVersion = 15.0.28307.271
MinimumVisualStudioVersion = 10.0.40219.1
Project("{FAE04EC0-301F-11D3-BF4B-00C04F79EFBC}") = "niTest", "niTest\niTest.csproj", "{D3B84592-C1F7-414D-A6A7-B0F089FF6662}"
EndProject
Project("{FAE04EC0-301F-11D3-BF4B-00C04F79EFBC}") = "ws.rmq.server", "ws.rmq.server\ws.rmq.server.csproj", "{8DA396F1-FA1F-41A2-9705-1FD20E630BE0}"
EndProject
Project("{FAE04EC0-301F-11D3-BF4B-00C04F79EFBC}") = "ComModel", "ComModel\ComModel.csproj", "{B103F67D-C708-4DB0-9ECA-C06107B7C88B}"
EndProject
Project("{FAE04EC0-301F-11D3-BF4B-00C04F79EFBC}") = "niTestUT", "niTestUT\niTestUT.csproj", "{BFEEB6E8-1A35-4860-9188-F856E2F20FFB}"
EndProject
Global
	GlobalSection(SolutionConfigurationPlatforms) = preSolution
		Debug|Any CPU = Debug|Any CPU
		Release|Any CPU = Release|Any CPU
	EndGlobalSection
	GlobalSection(ProjectConfigurationPlatforms) = postSolution
		{D3B84592-C1F7-414D-A6A7-B0F089FF6662}.Debug|Any CPU.ActiveCfg = Debug|Any CPU
		{D3B84592-C1F7-414D-A6A7-B0F089FF6662}.Debug|Any CPU.Build.0 = Debug|Any CPU
		{D3B84592-C1F7-414D-A6A7-B0F089FF6662}.Release|Any CPU.ActiveCfg = Release|Any CPU
		{D3B84592-C1F7-414D-A6A7-B0F089FF6662}.Release|Any CPU.Build.0 = Release|Any CPU
		{8DA396F1-FA1F-41A2-9705-1FD20E630BE0}.Debug|Any CPU.ActiveCfg = Debug|Any CPU
		{8DA396F1-FA1F-41A2-9705-1FD20E630BE0}.Debug|Any CPU.Build.0 = Debug|Any CPU
		{8DA396F1-FA1F-41A2-9705-1FD20E630BE0}.Release|Any CPU.ActiveCfg = Release|Any CPU
		{8DA396F1-FA1F-41A2-9705-1FD20E630BE0}.Release|Any CPU.Build.0 = Release|Any CPU
		{B103F67D-C708-4DB0-9ECA-C06107B7C88B}.Debug|Any CPU.ActiveCfg = Debug|Any CPU
		{B103F67D-C708-4DB0-9ECA-C06107B7C88B}.Debug|Any CPU.Build.0 = Debug|Any CPU
		{B103F67D-C708-4DB0-9ECA-C06107B7C88B}.Release|Any CPU.ActiveCfg = Release|Any CPU
		{B103F67D-C708-4DB0-9ECA-C06107B7C88B}.Release|Any CPU.Build.0 = Release|Any CPU
		{BFEEB6E8-1A35-4860-9188-F856E2F20FFB}.Debug|Any CPU.ActiveCfg = Debug|Any CPU
		{BFEEB6E8-1A35-4860-9188-F856E2F20FFB}.Debug|Any CPU.Build.0 = Debug|Any CPU
		{BFEEB6E8-1A35-4860-9188-F856E2F20FFB}.Release|Any CPU.ActiveCfg = Release|Any CPU
		{BFEEB6E8-1A35-4860-9188-F856E2F20FFB}.Release|Any CPU.Build.0 = Release|Any CPU
	EndGlobalSection
	GlobalSection(SolutionProperties) = preSolution
		HideSolutionNode = FALSE
	EndGlobalSection
	GlobalSection(ExtensibilityGlobals) = postSolution
		SolutionGuid = {505D7A1D-FEB2-4BD4-9A8B-42899BE50703}
	EndGlobalSection
EndGlobal
